// !$*UTF8*$!
{
	archiveVersion = 1;
	classes = {
	};
	objectVersion = 56;
	objects = {

/* Begin PBXBuildFile section */
		014F39D8DF22A015621F2FC6 /* LiveVerifyPrototypeApp.swift in Sources */ = {isa = PBXBuildFile; fileRef = BBF4B34A0FE6A9EEDC74FA29 /* LiveVerifyPrototypeApp.swift */; };
		2AB277291CB7BD152655207D /* ContentView.swift in Sources */ = {isa = PBXBuildFile; fileRef = A66D4B556924C6941BE61961 /* ContentView.swift */; };
		CB4F6377CDEEB1BFF7C4ED08 /* CameraService.swift in Sources */ = {isa = PBXBuildFile; fileRef = E1B59229DA2BD4EEECD348E6 /* CameraService.swift */; };
		C396BBECEFEED03631361E57 /* CameraPreviewView.swift in Sources */ = {isa = PBXBuildFile; fileRef = 22955909AE2FFFBB8733C1AC /* CameraPreviewView.swift */; };
		7238AFAD045F62DF0B819DE3 /* CameraView.swift in Sources */ = {isa = PBXBuildFile; fileRef = 89526E059120F1C56D1DA718 /* CameraView.swift */; };
		692527DEDB70430F8E2D72C1 /* Overlays.swift in Sources */ = {isa = PBXBuildFile; fileRef = 63AC3867F36D50B0EC0B2982 /* Overlays.swift */; };
		8224094FF22BD53BBE8EF672 /* ResultView.swift in Sources */ = {isa = PBXBuildFile; fileRef = FBC161FF511615FA59662705 /* ResultView.swift */; };
		C85FDB411A5413A308AE4C12 /* Models.swift in Sources */ = {isa = PBXBuildFile; fileRef = 2A358FD369A6EBE357795744 /* Models.swift */; };
		8FF81D22304FFE5EC44FABB0 /* LiveVerifyPipeline.swift in Sources */ = {isa = PBXBuildFile; fileRef = 57D71A0C219FCD8B2404E1DC /* LiveVerifyPipeline.swift */; };
		4F9066DD95E8AA55B1D532A2 /* LiveVerifyViewModel.swift in Sources */ = {isa = PBXBuildFile; fileRef = F5430D4E358CD496995361CB /* LiveVerifyViewModel.swift */; };
		35B8822348250A2761103B7E /* TextRecognizer.swift in Sources */ = {isa = PBXBuildFile; fileRef = E89BE24D37A7F80FA0DFB8D3 /* TextRecognizer.swift */; };
		5432D9BD8A3E4B44A476122C /* VerifyLineParser.swift in Sources */ = {isa = PBXBuildFile; fileRef = B11994CBFA3384239EF29CDC /* VerifyLineParser.swift */; };
		75BC226C19AF0FAEF548408E /* DocumentNormalizer.swift in Sources */ = {isa = PBXBuildFile; fileRef = 09F0619BEC17BA8EDB731DB7 /* DocumentNormalizer.swift */; };
		BCB47D4309848A49FB26B119 /* SHA256Hasher.swift in Sources */ = {isa = PBXBuildFile; fileRef = 9902ED269B3A47D01F308EDF /* SHA256Hasher.swift */; };
		7EEF5140E0EFFEAA9489D446 /* VerificationMeta.swift in Sources */ = {isa = PBXBuildFile; fileRef = 0973A0EF9EC708BD070E679D /* VerificationMeta.swift */; };
		44E729F0863BCE9137FA5124 /* VerificationClient.swift in Sources */ = {isa = PBXBuildFile; fileRef = 2443ED9E3C604496CDC33B17 /* VerificationClient.swift */; };

		BC289B71921C61CCD534B0EE /* VerifyLineParserTests.swift in Sources */ = {isa = PBXBuildFile; fileRef = E27BE7F1B5D2F989377C0001 /* VerifyLineParserTests.swift */; };
		E6C70AF365059DF4A5A414A8 /* DocumentNormalizerTests.swift in Sources */ = {isa = PBXBuildFile; fileRef = EB20D4159CB42C130829459A /* DocumentNormalizerTests.swift */; };
		02409E3434DE15AC06041B05 /* SHA256HasherTests.swift in Sources */ = {isa = PBXBuildFile; fileRef = 69AF25593EAC7F1928277B5F /* SHA256HasherTests.swift */; };
		17A919CD04AEF95EE1A9BB72 /* VerificationResponseInterpreterTests.swift in Sources */ = {isa = PBXBuildFile; fileRef = 3D344D5B7033714A73626366 /* VerificationResponseInterpreterTests.swift */; };

		041D15D3AF9CA356145FEB99 /* AVFoundation.framework in Frameworks */ = {isa = PBXBuildFile; fileRef = AA4B21516D44F4B71B163A90 /* AVFoundation.framework */; };
		FB72D0F86542AD601E1A6A5D /* Vision.framework in Frameworks */ = {isa = PBXBuildFile; fileRef = E1AB1BDAB258B863D100562C /* Vision.framework */; };
/* End PBXBuildFile section */

/* Begin PBXContainerItemProxy section */
		FFDA41FA3EF6ABC16BA5ACB0 /* PBXContainerItemProxy */ = {
			isa = PBXContainerItemProxy;
			containerPortal = 3C53F82CD0B2ECCFE0FC11F4 /* Project object */;
			proxyType = 1;
			remoteGlobalIDString = D39D5EE2C67D7323A16E45D5;
			remoteInfo = LiveVerifyPrototype;
		};
/* End PBXContainerItemProxy section */

/* Begin PBXFileReference section */
		D673EA44BA51AF2A8DE06456 /* LiveVerifyPrototype.app */ = {isa = PBXFileReference; explicitFileType = wrapper.application; path = LiveVerifyPrototype.app; sourceTree = BUILT_PRODUCTS_DIR; };
		85AE29F78BDD7531837A65F0 /* LiveVerifyPrototypeTests.xctest */ = {isa = PBXFileReference; explicitFileType = wrapper.cfbundle; path = LiveVerifyPrototypeTests.xctest; sourceTree = BUILT_PRODUCTS_DIR; };

		BBF4B34A0FE6A9EEDC74FA29 /* LiveVerifyPrototypeApp.swift */ = {isa = PBXFileReference; lastKnownFileType = sourcecode.swift; path = LiveVerifyPrototypeApp.swift; sourceTree = "<group>"; };
		A66D4B556924C6941BE61961 /* ContentView.swift */ = {isa = PBXFileReference; lastKnownFileType = sourcecode.swift; path = ContentView.swift; sourceTree = "<group>"; };
		F03B904EF821F03A21F0477A /* Info.plist */ = {isa = PBXFileReference; lastKnownFileType = text.plist.xml; path = Info.plist; sourceTree = "<group>"; };

		E1B59229DA2BD4EEECD348E6 /* CameraService.swift */ = {isa = PBXFileReference; lastKnownFileType = sourcecode.swift; path = CameraService.swift; sourceTree = "<group>"; };
		22955909AE2FFFBB8733C1AC /* CameraPreviewView.swift */ = {isa = PBXFileReference; lastKnownFileType = sourcecode.swift; path = CameraPreviewView.swift; sourceTree = "<group>"; };
		89526E059120F1C56D1DA718 /* CameraView.swift */ = {isa = PBXFileReference; lastKnownFileType = sourcecode.swift; path = CameraView.swift; sourceTree = "<group>"; };

		63AC3867F36D50B0EC0B2982 /* Overlays.swift */ = {isa = PBXFileReference; lastKnownFileType = sourcecode.swift; path = Overlays.swift; sourceTree = "<group>"; };
		FBC161FF511615FA59662705 /* ResultView.swift */ = {isa = PBXFileReference; lastKnownFileType = sourcecode.swift; path = ResultView.swift; sourceTree = "<group>"; };

		2A358FD369A6EBE357795744 /* Models.swift */ = {isa = PBXFileReference; lastKnownFileType = sourcecode.swift; path = Models.swift; sourceTree = "<group>"; };
		57D71A0C219FCD8B2404E1DC /* LiveVerifyPipeline.swift */ = {isa = PBXFileReference; lastKnownFileType = sourcecode.swift; path = LiveVerifyPipeline.swift; sourceTree = "<group>"; };
		F5430D4E358CD496995361CB /* LiveVerifyViewModel.swift */ = {isa = PBXFileReference; lastKnownFileType = sourcecode.swift; path = LiveVerifyViewModel.swift; sourceTree = "<group>"; };
		E89BE24D37A7F80FA0DFB8D3 /* TextRecognizer.swift */ = {isa = PBXFileReference; lastKnownFileType = sourcecode.swift; path = TextRecognizer.swift; sourceTree = "<group>"; };
		B11994CBFA3384239EF29CDC /* VerifyLineParser.swift */ = {isa = PBXFileReference; lastKnownFileType = sourcecode.swift; path = VerifyLineParser.swift; sourceTree = "<group>"; };
		09F0619BEC17BA8EDB731DB7 /* DocumentNormalizer.swift */ = {isa = PBXFileReference; lastKnownFileType = sourcecode.swift; path = DocumentNormalizer.swift; sourceTree = "<group>"; };
		9902ED269B3A47D01F308EDF /* SHA256Hasher.swift */ = {isa = PBXFileReference; lastKnownFileType = sourcecode.swift; path = SHA256Hasher.swift; sourceTree = "<group>"; };
		0973A0EF9EC708BD070E679D /* VerificationMeta.swift */ = {isa = PBXFileReference; lastKnownFileType = sourcecode.swift; path = VerificationMeta.swift; sourceTree = "<group>"; };
		2443ED9E3C604496CDC33B17 /* VerificationClient.swift */ = {isa = PBXFileReference; lastKnownFileType = sourcecode.swift; path = VerificationClient.swift; sourceTree = "<group>"; };

		E27BE7F1B5D2F989377C0001 /* VerifyLineParserTests.swift */ = {isa = PBXFileReference; lastKnownFileType = sourcecode.swift; path = VerifyLineParserTests.swift; sourceTree = "<group>"; };
		EB20D4159CB42C130829459A /* DocumentNormalizerTests.swift */ = {isa = PBXFileReference; lastKnownFileType = sourcecode.swift; path = DocumentNormalizerTests.swift; sourceTree = "<group>"; };
		69AF25593EAC7F1928277B5F /* SHA256HasherTests.swift */ = {isa = PBXFileReference; lastKnownFileType = sourcecode.swift; path = SHA256HasherTests.swift; sourceTree = "<group>"; };
		3D344D5B7033714A73626366 /* VerificationResponseInterpreterTests.swift */ = {isa = PBXFileReference; lastKnownFileType = sourcecode.swift; path = VerificationResponseInterpreterTests.swift; sourceTree = "<group>"; };

		AA4B21516D44F4B71B163A90 /* AVFoundation.framework */ = {isa = PBXFileReference; lastKnownFileType = wrapper.framework; name = AVFoundation.framework; path = System/Library/Frameworks/AVFoundation.framework; sourceTree = SDKROOT; };
		E1AB1BDAB258B863D100562C /* Vision.framework */ = {isa = PBXFileReference; lastKnownFileType = wrapper.framework; name = Vision.framework; path = System/Library/Frameworks/Vision.framework; sourceTree = SDKROOT; };
/* End PBXFileReference section */

/* Begin PBXFrameworksBuildPhase section */
		09BA17854752584B48D6C1D5 /* Frameworks */ = {
			isa = PBXFrameworksBuildPhase;
			buildActionMask = 2147483647;
			files = (
				041D15D3AF9CA356145FEB99 /* AVFoundation.framework in Frameworks */,
				FB72D0F86542AD601E1A6A5D /* Vision.framework in Frameworks */,
			);
			runOnlyForDeploymentPostprocessing = 0;
		};
		1327310737C6C3304D6594A5 /* Frameworks */ = {
			isa = PBXFrameworksBuildPhase;
			buildActionMask = 2147483647;
			files = (
			);
			runOnlyForDeploymentPostprocessing = 0;
		};
/* End PBXFrameworksBuildPhase section */

/* Begin PBXGroup section */
		89DD58C226A984BA87E82236 = {
			isa = PBXGroup;
			children = (
				04D2E8998FA1D4F5E75CDFA4 /* LiveVerifyPrototype */,
				A161D94E0C1396532A16CFA2 /* LiveVerifyPrototypeTests */,
				09664B95E45380E0C51D64AA /* Frameworks */,
				133714342AD499176B07EB83 /* Products */,
			);
			sourceTree = "<group>";
		};

		04D2E8998FA1D4F5E75CDFA4 /* LiveVerifyPrototype */ = {
			isa = PBXGroup;
			children = (
				F03B904EF821F03A21F0477A /* Info.plist */,
				BBF4B34A0FE6A9EEDC74FA29 /* LiveVerifyPrototypeApp.swift */,
				A66D4B556924C6941BE61961 /* ContentView.swift */,
				E1C758ED4506519CCF121ADA /* Camera */,
				FE4A2C8CD8DCED57F62346A2 /* Pipeline */,
				65DE423A04427F01E77341C7 /* Views */,
			);
			path = LiveVerifyPrototype;
			sourceTree = "<group>";
		};

		E1C758ED4506519CCF121ADA /* Camera */ = {
			isa = PBXGroup;
			children = (
				E1B59229DA2BD4EEECD348E6 /* CameraService.swift */,
				22955909AE2FFFBB8733C1AC /* CameraPreviewView.swift */,
				89526E059120F1C56D1DA718 /* CameraView.swift */,
			);
			path = Camera;
			sourceTree = "<group>";
		};

		FE4A2C8CD8DCED57F62346A2 /* Pipeline */ = {
			isa = PBXGroup;
			children = (
				2A358FD369A6EBE357795744 /* Models.swift */,
				57D71A0C219FCD8B2404E1DC /* LiveVerifyPipeline.swift */,
				F5430D4E358CD496995361CB /* LiveVerifyViewModel.swift */,
				E89BE24D37A7F80FA0DFB8D3 /* TextRecognizer.swift */,
				B11994CBFA3384239EF29CDC /* VerifyLineParser.swift */,
				09F0619BEC17BA8EDB731DB7 /* DocumentNormalizer.swift */,
				9902ED269B3A47D01F308EDF /* SHA256Hasher.swift */,
				0973A0EF9EC708BD070E679D /* VerificationMeta.swift */,
				2443ED9E3C604496CDC33B17 /* VerificationClient.swift */,
			);
			path = Pipeline;
			sourceTree = "<group>";
		};

		65DE423A04427F01E77341C7 /* Views */ = {
			isa = PBXGroup;
			children = (
				63AC3867F36D50B0EC0B2982 /* Overlays.swift */,
				FBC161FF511615FA59662705 /* ResultView.swift */,
			);
			path = Views;
			sourceTree = "<group>";
		};

		A161D94E0C1396532A16CFA2 /* LiveVerifyPrototypeTests */ = {
			isa = PBXGroup;
			children = (
				E27BE7F1B5D2F989377C0001 /* VerifyLineParserTests.swift */,
				EB20D4159CB42C130829459A /* DocumentNormalizerTests.swift */,
				69AF25593EAC7F1928277B5F /* SHA256HasherTests.swift */,
				3D344D5B7033714A73626366 /* VerificationResponseInterpreterTests.swift */,
			);
			path = LiveVerifyPrototypeTests;
			sourceTree = "<group>";
		};

		09664B95E45380E0C51D64AA /* Frameworks */ = {
			isa = PBXGroup;
			children = (
				AA4B21516D44F4B71B163A90 /* AVFoundation.framework */,
				E1AB1BDAB258B863D100562C /* Vision.framework */,
			);
			name = Frameworks;
			sourceTree = "<group>";
		};

		133714342AD499176B07EB83 /* Products */ = {
			isa = PBXGroup;
			children = (
				D673EA44BA51AF2A8DE06456 /* LiveVerifyPrototype.app */,
				85AE29F78BDD7531837A65F0 /* LiveVerifyPrototypeTests.xctest */,
			);
			name = Products;
			sourceTree = "<group>";
		};
/* End PBXGroup section */

/* Begin PBXNativeTarget section */
		D39D5EE2C67D7323A16E45D5 /* LiveVerifyPrototype */ = {
			isa = PBXNativeTarget;
			buildConfigurationList = F50490AD7EEB3E664E61D6F6 /* Build configuration list for PBXNativeTarget "LiveVerifyPrototype" */;
			buildPhases = (
				E65550E166A04ECCB344EB5C /* Sources */,
				09BA17854752584B48D6C1D5 /* Frameworks */,
				7C230DA766B36E0428900D63 /* Resources */,
			);
			buildRules = (
			);
			dependencies = (
			);
			name = LiveVerifyPrototype;
			productName = LiveVerifyPrototype;
			productReference = D673EA44BA51AF2A8DE06456 /* LiveVerifyPrototype.app */;
			productType = "com.apple.product-type.application";
		};

		AE9DE4C33DD263499E626FDB /* LiveVerifyPrototypeTests */ = {
			isa = PBXNativeTarget;
			buildConfigurationList = AAA53FCAB71B8388B5C8F06C /* Build configuration list for PBXNativeTarget "LiveVerifyPrototypeTests" */;
			buildPhases = (
				4755EFA6E2EE6A88ABF7A80A /* Sources */,
				1327310737C6C3304D6594A5 /* Frameworks */,
			);
			buildRules = (
			);
			dependencies = (
				63EBFABBD0AE1EF871FA402A /* PBXTargetDependency */,
			);
			name = LiveVerifyPrototypeTests;
			productName = LiveVerifyPrototypeTests;
			productReference = 85AE29F78BDD7531837A65F0 /* LiveVerifyPrototypeTests.xctest */;
			productType = "com.apple.product-type.bundle.unit-test";
		};
/* End PBXNativeTarget section */

/* Begin PBXProject section */
		3C53F82CD0B2ECCFE0FC11F4 /* Project object */ = {
			isa = PBXProject;
			attributes = {
				BuildIndependentTargetsInParallel = 1;
				LastSwiftUpdateCheck = 1600;
				LastUpgradeCheck = 1600;
				TargetAttributes = {
					D39D5EE2C67D7323A16E45D5 = {
						CreatedOnToolsVersion = 16.0;
					};
					AE9DE4C33DD263499E626FDB = {
						CreatedOnToolsVersion = 16.0;
					};
				};
			};
			buildConfigurationList = 0A41D97DDED3DF7131DFA0E1 /* Build configuration list for PBXProject "LiveVerifyPrototype" */;
			compatibilityVersion = "Xcode 16.0";
			developmentRegion = en;
			hasScannedForEncodings = 0;
			knownRegions = (
				en,
				Base,
			);
			mainGroup = 89DD58C226A984BA87E82236;
			productRefGroup = 133714342AD499176B07EB83 /* Products */;
			projectDirPath = "";
			projectRoot = "";
			targets = (
				D39D5EE2C67D7323A16E45D5 /* LiveVerifyPrototype */,
				AE9DE4C33DD263499E626FDB /* LiveVerifyPrototypeTests */,
			);
		};
/* End PBXProject section */

/* Begin PBXResourcesBuildPhase section */
		7C230DA766B36E0428900D63 /* Resources */ = {
			isa = PBXResourcesBuildPhase;
			buildActionMask = 2147483647;
			files = (
			);
			runOnlyForDeploymentPostprocessing = 0;
		};
/* End PBXResourcesBuildPhase section */

/* Begin PBXSourcesBuildPhase section */
		E65550E166A04ECCB344EB5C /* Sources */ = {
			isa = PBXSourcesBuildPhase;
			buildActionMask = 2147483647;
			files = (
				014F39D8DF22A015621F2FC6 /* LiveVerifyPrototypeApp.swift in Sources */,
				2AB277291CB7BD152655207D /* ContentView.swift in Sources */,
				CB4F6377CDEEB1BFF7C4ED08 /* CameraService.swift in Sources */,
				C396BBECEFEED03631361E57 /* CameraPreviewView.swift in Sources */,
				7238AFAD045F62DF0B819DE3 /* CameraView.swift in Sources */,
				692527DEDB70430F8E2D72C1 /* Overlays.swift in Sources */,
				8224094FF22BD53BBE8EF672 /* ResultView.swift in Sources */,
				C85FDB411A5413A308AE4C12 /* Models.swift in Sources */,
				8FF81D22304FFE5EC44FABB0 /* LiveVerifyPipeline.swift in Sources */,
				4F9066DD95E8AA55B1D532A2 /* LiveVerifyViewModel.swift in Sources */,
				35B8822348250A2761103B7E /* TextRecognizer.swift in Sources */,
				5432D9BD8A3E4B44A476122C /* VerifyLineParser.swift in Sources */,
				75BC226C19AF0FAEF548408E /* DocumentNormalizer.swift in Sources */,
				BCB47D4309848A49FB26B119 /* SHA256Hasher.swift in Sources */,
				7EEF5140E0EFFEAA9489D446 /* VerificationMeta.swift in Sources */,
				44E729F0863BCE9137FA5124 /* VerificationClient.swift in Sources */,
			);
			runOnlyForDeploymentPostprocessing = 0;
		};

		4755EFA6E2EE6A88ABF7A80A /* Sources */ = {
			isa = PBXSourcesBuildPhase;
			buildActionMask = 2147483647;
			files = (
				BC289B71921C61CCD534B0EE /* VerifyLineParserTests.swift in Sources */,
				E6C70AF365059DF4A5A414A8 /* DocumentNormalizerTests.swift in Sources */,
				02409E3434DE15AC06041B05 /* SHA256HasherTests.swift in Sources */,
				17A919CD04AEF95EE1A9BB72 /* VerificationResponseInterpreterTests.swift in Sources */,
			);
			runOnlyForDeploymentPostprocessing = 0;
		};
/* End PBXSourcesBuildPhase section */

/* Begin PBXTargetDependency section */
		63EBFABBD0AE1EF871FA402A /* PBXTargetDependency */ = {
			isa = PBXTargetDependency;
			target = D39D5EE2C67D7323A16E45D5 /* LiveVerifyPrototype */;
			targetProxy = FFDA41FA3EF6ABC16BA5ACB0 /* PBXContainerItemProxy */;
		};
/* End PBXTargetDependency section */

/* Begin XCBuildConfiguration section */
		8E035ADC8B0D0899AD49E96F /* Debug */ = {
			isa = XCBuildConfiguration;
			buildSettings = {
				ALWAYS_SEARCH_USER_PATHS = NO;
				CLANG_ANALYZER_NONNULL = YES;
				CLANG_ANALYZER_NUMBER_OBJECT_CONVERSION = YES_AGGRESSIVE;
				CLANG_CXX_LANGUAGE_STANDARD = "gnu++20";
				CLANG_ENABLE_MODULES = YES;
				CLANG_ENABLE_OBJC_ARC = YES;
				CLANG_ENABLE_OBJC_WEAK = YES;
				CLANG_WARN_BLOCK_CAPTURE_AUTORELEASING = YES;
				CLANG_WARN_BOOL_CONVERSION = YES;
				CLANG_WARN_COMMA = YES;
				CLANG_WARN_CONSTANT_CONVERSION = YES;
				CLANG_WARN_DEPRECATED_OBJC_IMPLEMENTATIONS = YES;
				CLANG_WARN_DIRECT_OBJC_ISA_USAGE = YES_ERROR;
				CLANG_WARN_EMPTY_BODY = YES;
				CLANG_WARN_ENUM_CONVERSION = YES;
				CLANG_WARN_INFINITE_RECURSION = YES;
				CLANG_WARN_INT_CONVERSION = YES;
				CLANG_WARN_NON_LITERAL_NULL_CONVERSION = YES;
				CLANG_WARN_OBJC_IMPLICIT_RETAIN_SELF = YES;
				CLANG_WARN_OBJC_LITERAL_CONVERSION = YES;
				CLANG_WARN_OBJC_ROOT_CLASS = YES_ERROR;
				CLANG_WARN_QUOTED_INCLUDE_IN_FRAMEWORK_HEADER = YES;
				CLANG_WARN_RANGE_LOOP_ANALYSIS = YES;
				CLANG_WARN_STRICT_PROTOTYPES = YES;
				CLANG_WARN_SUSPICIOUS_MOVE = YES;
				CLANG_WARN_UNGUARDED_AVAILABILITY = YES_AGGRESSIVE;
				CLANG_WARN_UNREACHABLE_CODE = YES;
				CLANG_WARN__DUPLICATE_METHOD_MATCH = YES;
				COPY_PHASE_STRIP = NO;
				DEBUG_INFORMATION_FORMAT = dwarf;
				ENABLE_STRICT_OBJC_MSGSEND = YES;
				ENABLE_TESTABILITY = YES;
				GCC_C_LANGUAGE_STANDARD = gnu17;
				GCC_DYNAMIC_NO_PIC = NO;
				GCC_NO_COMMON_BLOCKS = YES;
				GCC_OPTIMIZATION_LEVEL = 0;
				GCC_PREPROCESSOR_DEFINITIONS = (
					"DEBUG=1",
					"$(inherited)",
				);
				GCC_WARN_64_TO_32_BIT_CONVERSION = YES;
				GCC_WARN_ABOUT_RETURN_TYPE = YES_ERROR;
				GCC_WARN_UNDECLARED_SELECTOR = YES;
				GCC_WARN_UNINITIALIZED_AUTOS = YES_AGGRESSIVE;
				GCC_WARN_UNUSED_FUNCTION = YES;
				GCC_WARN_UNUSED_VARIABLE = YES;
				MTL_ENABLE_DEBUG_INFO = INCLUDE_SOURCE;
				ONLY_ACTIVE_ARCH = YES;
				SDKROOT = iphoneos;
				SWIFT_VERSION = 5.0;
			};
			name = Debug;
		};

		B226433F90126A215A9EE35B /* Release */ = {
			isa = XCBuildConfiguration;
			buildSettings = {
				ALWAYS_SEARCH_USER_PATHS = NO;
				CLANG_ANALYZER_NONNULL = YES;
				CLANG_ANALYZER_NUMBER_OBJECT_CONVERSION = YES_AGGRESSIVE;
				CLANG_CXX_LANGUAGE_STANDARD = "gnu++20";
				CLANG_ENABLE_MODULES = YES;
				CLANG_ENABLE_OBJC_ARC = YES;
				CLANG_ENABLE_OBJC_WEAK = YES;
				CLANG_WARN_BLOCK_CAPTURE_AUTORELEASING = YES;
				CLANG_WARN_BOOL_CONVERSION = YES;
				CLANG_WARN_COMMA = YES;
				CLANG_WARN_CONSTANT_CONVERSION = YES;
				CLANG_WARN_DEPRECATED_OBJC_IMPLEMENTATIONS = YES;
				CLANG_WARN_DIRECT_OBJC_ISA_USAGE = YES_ERROR;
				CLANG_WARN_EMPTY_BODY = YES;
				CLANG_WARN_ENUM_CONVERSION = YES;
				CLANG_WARN_INFINITE_RECURSION = YES;
				CLANG_WARN_INT_CONVERSION = YES;
				CLANG_WARN_NON_LITERAL_NULL_CONVERSION = YES;
				CLANG_WARN_OBJC_IMPLICIT_RETAIN_SELF = YES;
				CLANG_WARN_OBJC_LITERAL_CONVERSION = YES;
				CLANG_WARN_OBJC_ROOT_CLASS = YES_ERROR;
				CLANG_WARN_QUOTED_INCLUDE_IN_FRAMEWORK_HEADER = YES;
				CLANG_WARN_RANGE_LOOP_ANALYSIS = YES;
				CLANG_WARN_STRICT_PROTOTYPES = YES;
				CLANG_WARN_SUSPICIOUS_MOVE = YES;
				CLANG_WARN_UNGUARDED_AVAILABILITY = YES_AGGRESSIVE;
				CLANG_WARN_UNREACHABLE_CODE = YES;
				CLANG_WARN__DUPLICATE_METHOD_MATCH = YES;
				COPY_PHASE_STRIP = YES;
				DEBUG_INFORMATION_FORMAT = "dwarf-with-dsym";
				ENABLE_NS_ASSERTIONS = NO;
				ENABLE_STRICT_OBJC_MSGSEND = YES;
				GCC_C_LANGUAGE_STANDARD = gnu17;
				GCC_NO_COMMON_BLOCKS = YES;
				GCC_WARN_64_TO_32_BIT_CONVERSION = YES;
				GCC_WARN_ABOUT_RETURN_TYPE = YES_ERROR;
				GCC_WARN_UNDECLARED_SELECTOR = YES;
				GCC_WARN_UNINITIALIZED_AUTOS = YES_AGGRESSIVE;
				GCC_WARN_UNUSED_FUNCTION = YES;
				GCC_WARN_UNUSED_VARIABLE = YES;
				SDKROOT = iphoneos;
				SWIFT_VERSION = 5.0;
				VALIDATE_PRODUCT = YES;
			};
			name = Release;
		};

		30E7DD6F92F6B68B21D25A1A /* Debug */ = {
			isa = XCBuildConfiguration;
			buildSettings = {
				ASSETCATALOG_COMPILER_APPICON_NAME = AppIcon;
				CURRENT_PROJECT_VERSION = 1;
				DEVELOPMENT_TEAM = "";
				ENABLE_PREVIEWS = YES;
				GENERATE_INFOPLIST_FILE = NO;
				INFOPLIST_FILE = LiveVerifyPrototype/Info.plist;
				IPHONEOS_DEPLOYMENT_TARGET = 17.0;
				LD_RUNPATH_SEARCH_PATHS = (
					"$(inherited)",
					"@executable_path/Frameworks",
				);
				MARKETING_VERSION = 1.0;
				PRODUCT_BUNDLE_IDENTIFIER = "io.github.paul-hammant.live-verify-prototype";
				PRODUCT_NAME = "$(TARGET_NAME)";
				SWIFT_OPTIMIZATION_LEVEL = "-Onone";
				SWIFT_STRICT_CONCURRENCY = complete;
				TARGETED_DEVICE_FAMILY = "1,2";
			};
			name = Debug;
		};

		C10107B193B16A2C9745B0E5 /* Release */ = {
			isa = XCBuildConfiguration;
			buildSettings = {
				ASSETCATALOG_COMPILER_APPICON_NAME = AppIcon;
				CURRENT_PROJECT_VERSION = 1;
				DEVELOPMENT_TEAM = "";
				ENABLE_PREVIEWS = YES;
				GENERATE_INFOPLIST_FILE = NO;
				INFOPLIST_FILE = LiveVerifyPrototype/Info.plist;
				IPHONEOS_DEPLOYMENT_TARGET = 17.0;
				LD_RUNPATH_SEARCH_PATHS = (
					"$(inherited)",
					"@executable_path/Frameworks",
				);
				MARKETING_VERSION = 1.0;
				PRODUCT_BUNDLE_IDENTIFIER = "io.github.paul-hammant.live-verify-prototype";
				PRODUCT_NAME = "$(TARGET_NAME)";
				SWIFT_COMPILATION_MODE = wholemodule;
				SWIFT_STRICT_CONCURRENCY = complete;
				TARGETED_DEVICE_FAMILY = "1,2";
			};
			name = Release;
		};

		1B35B428A3D36C72E690AA3E /* Debug */ = {
			isa = XCBuildConfiguration;
			buildSettings = {
				DEVELOPMENT_TEAM = "";
				GENERATE_INFOPLIST_FILE = YES;
				IPHONEOS_DEPLOYMENT_TARGET = 17.0;
				PRODUCT_BUNDLE_IDENTIFIER = "io.github.paul-hammant.live-verify-prototype.tests";
				PRODUCT_NAME = "$(TARGET_NAME)";
				SWIFT_STRICT_CONCURRENCY = complete;
				TEST_HOST = "$(BUILT_PRODUCTS_DIR)/LiveVerifyPrototype.app/LiveVerifyPrototype";
				BUNDLE_LOADER = "$(TEST_HOST)";
			};
			name = Debug;
		};

		4DF67062629E2D559982B569 /* Release */ = {
			isa = XCBuildConfiguration;
			buildSettings = {
				DEVELOPMENT_TEAM = "";
				GENERATE_INFOPLIST_FILE = YES;
				IPHONEOS_DEPLOYMENT_TARGET = 17.0;
				PRODUCT_BUNDLE_IDENTIFIER = "io.github.paul-hammant.live-verify-prototype.tests";
				PRODUCT_NAME = "$(TARGET_NAME)";
				SWIFT_STRICT_CONCURRENCY = complete;
				TEST_HOST = "$(BUILT_PRODUCTS_DIR)/LiveVerifyPrototype.app/LiveVerifyPrototype";
				BUNDLE_LOADER = "$(TEST_HOST)";
			};
			name = Release;
		};
/* End XCBuildConfiguration section */

/* Begin XCConfigurationList section */
		0A41D97DDED3DF7131DFA0E1 /* Build configuration list for PBXProject "LiveVerifyPrototype" */ = {
			isa = XCConfigurationList;
			buildConfigurations = (
				8E035ADC8B0D0899AD49E96F /* Debug */,
				B226433F90126A215A9EE35B /* Release */,
			);
			defaultConfigurationIsVisible = 0;
			defaultConfigurationName = Release;
		};

		F50490AD7EEB3E664E61D6F6 /* Build configuration list for PBXNativeTarget "LiveVerifyPrototype" */ = {
			isa = XCConfigurationList;
			buildConfigurations = (
				30E7DD6F92F6B68B21D25A1A /* Debug */,
				C10107B193B16A2C9745B0E5 /* Release */,
			);
			defaultConfigurationIsVisible = 0;
			defaultConfigurationName = Release;
		};

		AAA53FCAB71B8388B5C8F06C /* Build configuration list for PBXNativeTarget "LiveVerifyPrototypeTests" */ = {
			isa = XCConfigurationList;
			buildConfigurations = (
				1B35B428A3D36C72E690AA3E /* Debug */,
				4DF67062629E2D559982B569 /* Release */,
			);
			defaultConfigurationIsVisible = 0;
			defaultConfigurationName = Release;
		};
/* End XCConfigurationList section */

	};
	rootObject = 3C53F82CD0B2ECCFE0FC11F4 /* Project object */;
}

